
Microsoft Visual Studio Solution File, Format Version 12.00
# Visual Studio Version 17
VisualStudioVersion = 17.11.35312.102
MinimumVisualStudioVersion = 10.0.40219.1
Project("{FAE04EC0-301F-11D3-BF4B-00C04F79EFBC}") = "CarrelloLista", "CarrelloLista\CarrelloLista.csproj", "{2AB9E9BA-4E67-49CC-AD47-13E8EA217B51}"
EndProject
Global
	GlobalSection(SolutionConfigurationPlatforms) = preSolution
		Debug|Any CPU = Debug|Any CPU
		Release|Any CPU = Release|Any CPU
	EndGlobalSection
	GlobalSection(ProjectConfigurationPlatforms) = postSolution
		{2AB9E9BA-4E67-49CC-AD47-13E8EA217B51}.Debug|Any CPU.ActiveCfg = Debug|Any CPU
		{2AB9E9BA-4E67-49CC-AD47-13E8EA217B51}.Debug|Any CPU.Build.0 = Debug|Any CPU
		{2AB9E9BA-4E67-49CC-AD47-13E8EA217B51}.Release|Any CPU.ActiveCfg = Release|Any CPU
		{2AB9E9BA-4E67-49CC-AD47-13E8EA217B51}.Release|Any CPU.Build.0 = Release|Any CPU
	EndGlobalSection
	GlobalSection(SolutionProperties) = preSolution
		HideSolutionNode = FALSE
	EndGlobalSection
	GlobalSection(ExtensibilityGlobals) = postSolution
		SolutionGuid = {35FE1666-362E-4643-80F0-AC13E4D634F7}
	EndGlobalSection
EndGlobal
